version = 1
revision = 3
requires-python = "==3.12.*"

[[package]]
name = "annotated-types"
version = "0.8.0"
source = { registry = "https://pypi.org/simple" }
sdist = { url = "https://files.pythonhosted.org/packages/5f/56/a8120250d128bed162cd73c76d45f6ef9991f3e068f62a8ee060afa3104a/annotated_types-0.8.0.tar.gz", hash = "sha256:13b2beaad985e05e2d6407ee4c4f35590b11f8d693a258a561055cac8f64cab7", size = 15893, upload-time = "2026-07-23T20:16:13.995Z" }
wheels = [
    { url = "https://files.pythonhosted.org/packages/99/91/8acff4f5e50511b911bbccb72b8628a49c68ce14148cd9f6431094859a90/annotated_types-0.8.0-py3-none-any.whl", hash = "sha256:f072f4d804ea359e4eaf198b1af7a8b0943881a87f31bb764f8bf219bb9419e0", size = 13427, upload-time = "2026-07-23T20:16:12.938Z" },
]

[[package]]
name = "autonomous-agent-action-worker"
version = "0.1.0"
source = { virtual = "." }
dependencies = [
    { name = "playwright" },
    { name = "psycopg", extra = ["binary"] },
    { name = "pydantic" },
    { name = "redis" },
]

[package.metadata]
requires-dist = [
    { name = "playwright", specifier = "==1.62.0" },
    { name = "psycopg", extras = ["binary"], specifier = "==3.3.4" },
    { name = "pydantic", specifier = "==2.13.5" },
    { name = "redis", specifier = "==8.1.0" },
]

[[package]]
name = "greenlet"
version = "3.5.5"
source = { registry = "https://pypi.org/simple" }
sdist = { url = "https://files.pythonhosted.org/packages/0b/d8/7cc97c142388aef03f622e001c572c4f84e9252a439549d483f555771970/greenlet-3.5.5.tar.gz", hash = "sha256:adb4bae02e91a8e863e48b177e4014bdcac8a6b5e047ea1df687a61534b85e6c", size = 207585, upload-time = "2026-08-10T15:09:36.136Z" }
wheels = [
    { url = "https://files.pythonhosted.org/packages/2e/7e/9ecd0285e3153532ae07aeb88063c43c72b4221cf0d4d123b02f3682e3ff/greenlet-3.5.5-cp312-cp312-macosx_11_0_universal2.whl", hash = "sha256:49520f0c95a48b42cf55414b8e8479beb274ea70431afc33e3f79903c71f4380", size = 295809, upload-time = "2026-08-10T13:25:34.023Z" },
    { url = "https://files.pythonhosted.org/packages/35/73/60e4bbcc89252037b18087f2ec16405d5b2d5be42dde191bbf3667e96102/greenlet-3.5.5-cp312-cp312-manylinux_2_24_aarch64.manylinux_2_28_aarch64.whl", hash = "sha256:55272212cbc5f43d1d723725ab931f1939969b7e9523882ca58b55061769d053", size = 611910, upload-time = "2026-08-10T14:14:35.18Z" },
    { url = "https://files.pythonhosted.org/packages/a4/17/cd5134be659cd4a443e7a61ae670dabec165a814c51162916d637b6dd38e/greenlet-3.5.5-cp312-cp312-manylinux_2_24_ppc64le.manylinux_2_28_ppc64le.whl", hash = "sha256:655bca754a2ef4efcb0eb48a94d3f4593536d0f3d48f8ed44343c01d16a92f95", size = 624198, upload-time = "2026-08-10T14:27:25.229Z" },
    { url = "https://files.pythonhosted.org/packages/9b/30/87c212b5c684d0e72974f1063b7a9687631e8985902c06e1016542c874e7/greenlet-3.5.5-cp312-cp312-manylinux_2_24_s390x.manylinux_2_28_s390x.whl", hash = "sha256:6ca5d6ae0739e5764f2cfcfaa562ac5a990cbdaedca93251c5e3cf07c362371f", size = 629504, upload-time = "2026-08-10T14:30:07.967Z" },
    { url = "https://files.pythonhosted.org/packages/78/ac/5c5b959999b6f09c3026b5dfe171575bc3121c5236ce74f495096f25b203/greenlet-3.5.5-cp312-cp312-manylinux_2_24_x86_64.manylinux_2_28_x86_64.whl", hash = "sha256:147b25a42e5ca5be3d42356e8f608b37af715a1c196e9bf9d1627f3341adfe1d", size = 621439, upload-time = "2026-08-10T13:40:49.391Z" },
    { url = "https://files.pythonhosted.org/packages/63/2c/eb487fafc9f50ffff2b1e0b697f70fb34bf150821c08ab225aacf5583a7e/greenlet-3.5.5-cp312-cp312-manylinux_2_39_riscv64.whl", hash = "sha256:1b5ed9162c0c098e0bbc2cf88a94f433c1b8926f831745252e099e5d83e17759", size = 432462, upload-time = "2026-08-10T14:30:02.309Z" },
    { url = "https://files.pythonhosted.org/packages/c8/8b/6acf112ed8aee499f25b4d6949820fb02ac950ff9c1f3d793bd5be0599f2/greenlet-3.5.5-cp312-cp312-musllinux_1_2_aarch64.whl", hash = "sha256:27493374cff1d1b7919dc8126547f2aea582737e3046147b434b1e12de56389b", size = 1581342, upload-time = "2026-08-10T14:15:05.653Z" },
    { url = "https://files.pythonhosted.org/packages/b8/d7/734e5f198888876b42d7616ff6644c075baf6b8a2412deadd6b0e1b8b20c/greenlet-3.5.5-cp312-cp312-musllinux_1_2_x86_64.whl", hash = "sha256:12e2ee66c2aba86133f10fd99d6a8856c6d351ffb7be0e4d52ef2cc5fbb705b2", size = 1645744, upload-time = "2026-08-10T13:40:30.353Z" },
    { url = "https://files.pythonhosted.org/packages/de/30/1f42b88dc587b5899ee50616ad56ee40cafaf225df4fb829f10183c62a5c/greenlet-3.5.5-cp312-cp312-win_amd64.whl", hash = "sha256:49ddacd36af37735fab103846f4ee4d18a492dde72730d1699c0c8ebe30d9f18", size = 324171, upload-time = "2026-08-10T13:28:44.472Z" },
    { url = "https://files.pythonhosted.org/packages/76/e5/4dee4d8d2e603fe5fdd7b444e63219f7b9bd852c60c6214511c7157cbe88/greenlet-3.5.5-cp312-cp312-win_arm64.whl", hash = "sha256:5f1b1ff4828cdc1aba4266aff814085d04a1d07959287219af021b838b265d52", size = 308362, upload-time = "2026-08-10T13:26:46.839Z" },
]

[[package]]
name = "playwright"
version = "1.62.0"
source = { registry = "https://pypi.org/simple" }
dependencies = [
    { name = "greenlet" },
    { name = "pyee" },
]
wheels = [
    { url = "https://files.pythonhosted.org/packages/6c/5b/ca2abcf3aa69f9fb510215e3064f30b57fe57657c8d04ede45bb966d5606/playwright-1.62.0-py3-none-macosx_10_13_x86_64.whl", hash = "sha256:d8da938f3748841a8754f2e1f0216902c1c8f8ae3720de8b32ccf8e6913a7c4f", size = 43732091, upload-time = "2026-07-31T17:00:44.178Z" },
    { url = "https://files.pythonhosted.org/packages/af/1a/0bfbe9904350961f4dbb713f04342e40d548c5fc26c8157bd13617c81492/playwright-1.62.0-py3-none-macosx_11_0_arm64.whl", hash = "sha256:db755ab27db21a04186f1fe8169888e42356086e439b1059b923ef417f0b6034", size = 42510842, upload-time = "2026-07-31T17:00:48.596Z" },
    { url = "https://files.pythonhosted.org/packages/66/dc/c0486b407ad0699a250f6bbe3066fca95344009a99ca66e88ca175c69dc1/playwright-1.62.0-py3-none-macosx_11_0_universal2.whl", hash = "sha256:5108bd5b3e87169ddf269feee097da5893af7f8aea4634dfc840518d64c1f1da", size = 43732093, upload-time = "2026-07-31T17:00:52.218Z" },
    { url = "https://files.pythonhosted.org/packages/43/6b/b24aebc2b04bffcb342bccf96e287c78b363e1615bed5cea97500cc0393a/playwright-1.62.0-py3-none-manylinux1_x86_64.whl", hash = "sha256:ba33bae6a13b3d9d354c751cb618af357d20fe1d57767cbcce52079bbef17ad3", size = 47748926, upload-time = "2026-07-31T17:00:56.438Z" },
    { url = "https://files.pythonhosted.org/packages/36/43/b4b18bdc87e1949568fffdcde3ff9a0456266b2d0c6d4432cc34d89ea6eb/playwright-1.62.0-py3-none-manylinux_2_17_aarch64.manylinux2014_aarch64.whl", hash = "sha256:db2d76613a57ad844362ce42f7d0c2fa26b19a4f7a46d4f76b891c631e6e5aff", size = 47441423, upload-time = "2026-07-31T17:01:00.404Z" },
    { url = "https://files.pythonhosted.org/packages/81/22/af5d926fc2c32a339eec00a443644bc40ab9db1dd2dd9017873c59773c0c/playwright-1.62.0-py3-none-win32.whl", hash = "sha256:e5614fa89355d7081457680324bb219f79f69c423c5cb6fa250e30b0d8aebf1c", size = 38164450, upload-time = "2026-07-31T17:01:04.187Z" },
    { url = "https://files.pythonhosted.org/packages/2b/a9/4160c1033c07af98bf841ad079457dd78408a5ee0dd56cbfe50b8b6a1c22/playwright-1.62.0-py3-none-win_amd64.whl", hash = "sha256:92c0d98ed04eb35af557b709875edba415b1f548bdb22ddb5bb3e1e6c835c2f1", size = 38164458, upload-time = "2026-07-31T17:01:08.459Z" },
    { url = "https://files.pythonhosted.org/packages/6c/ec/06b55d619a7082a766aa04f2c6bb31435c87f02930087d8a0517119408fa/playwright-1.62.0-py3-none-win_arm64.whl", hash = "sha256:ea8d3055aa9d5a9f1832ac82517bd8b42c78fac7ebcbebb0107116735c8cb6a1", size = 34208868, upload-time = "2026-07-31T17:01:11.818Z" },
]

[[package]]
name = "psycopg"
version = "3.3.4"
source = { registry = "https://pypi.org/simple" }
dependencies = [
    { name = "typing-extensions" },
    { name = "tzdata", marker = "sys_platform == 'win32'" },
]
sdist = { url = "https://files.pythonhosted.org/packages/db/2f/cb91e5502ec9de1de6f1b76cfbf69531932725361168bb06963620c77e2e/psycopg-3.3.4.tar.gz", hash = "sha256:e21207764952cff81b6b8bdacad9a3939f2793367fdac2987b3aac36a651b5bc", size = 165799, upload-time = "2026-05-01T23:31:55.179Z" }
wheels = [
    { url = "https://files.pythonhosted.org/packages/5c/e0/7b3dee031daae7743609ce3c746565d4a3ed7c2c186479eb48e34e838c64/psycopg-3.3.4-py3-none-any.whl", hash = "sha256:b6bbc25ccf05c8fad3b061d9db2ef0909a555171b84b07f29458a447253d679a", size = 213001, upload-time = "2026-05-01T23:20:50.816Z" },
]

[package.optional-dependencies]
binary = [
    { name = "psycopg-binary", marker = "implementation_name != 'pypy'" },
]

[[package]]
name = "psycopg-binary"
version = "3.3.4"
source = { registry = "https://pypi.org/simple" }
wheels = [
    { url = "https://files.pythonhosted.org/packages/95/7d/03818e13ba7f36de93573c93ee3482006d3dfa8b0f8d28df511bad0a1a92/psycopg_binary-3.3.4-cp312-cp312-macosx_10_13_x86_64.whl", hash = "sha256:5ab28a2a7649df3b72e6b674b4c190e448e8e77cf496a65bd846472048de2089", size = 4591122, upload-time = "2026-05-01T23:27:56.162Z" },
    { url = "https://files.pythonhosted.org/packages/a5/b9/11b341edf8d54e2694726b273fe9652b254d989f4f63e3ac6816ad6b55f4/psycopg_binary-3.3.4-cp312-cp312-macosx_11_0_arm64.whl", hash = "sha256:6402a9d8146cf4b3974ded3fd28a971e83dc6a0333eb7822524a3aa20b546578", size = 4669943, upload-time = "2026-05-01T23:28:04.522Z" },
    { url = "https://files.pythonhosted.org/packages/8b/18/4665bacd65e7865b4372fcd8abb8b9186ada4b0025f8c2ca691b364a556c/psycopg_binary-3.3.4-cp312-cp312-manylinux2014_ppc64le.manylinux_2_17_ppc64le.whl", hash = "sha256:580ae30a5f95ccd90008ec697d3ed6a4a2047a516407ad904283fa42086936e9", size = 5469697, upload-time = "2026-05-01T23:28:11.337Z" },
    { url = "https://files.pythonhosted.org/packages/7c/b1/b83136c6e510593d9b0c759ba5384337bc4ad82d19fda675adc4b2703c84/psycopg_binary-3.3.4-cp312-cp312-manylinux2014_x86_64.manylinux_2_17_x86_64.whl", hash = "sha256:e7510c37550f91a187e3660a8cc50d4b760f8c3b8b2f89ebc5698cd2c7f2c85d", size = 5152995, upload-time = "2026-05-01T23:28:20.529Z" },
    { url = "https://files.pythonhosted.org/packages/67/8d/a9821e2a648afe6091989929982a3b0f00b2631a859cb81379728f08fb75/psycopg_binary-3.3.4-cp312-cp312-manylinux_2_27_aarch64.manylinux_2_28_aarch64.whl", hash = "sha256:77df19583501ea288eaf15ac0fe7ad01e6d8091a91d5c41df5c718f307d8e31b", size = 6738180, upload-time = "2026-05-01T23:28:30.654Z" },
    { url = "https://files.pythonhosted.org/packages/7e/58/2e349e8d23905dc2317b80ac65f48fb6f821a4777a4e994a60da91c4850f/psycopg_binary-3.3.4-cp312-cp312-manylinux_2_38_riscv64.manylinux_2_39_riscv64.whl", hash = "sha256:018fbed325936da502feb546642c982dcc4b9ffdea32dfef78dbf3b7f7ad4070", size = 4978828, upload-time = "2026-05-01T23:28:37.277Z" },
    { url = "https://files.pythonhosted.org/packages/45/48/57b00d03b4721878326122a1f1e6b0a90b85bcaec56b5b2f8ea6cfa45235/psycopg_binary-3.3.4-cp312-cp312-musllinux_1_2_aarch64.whl", hash = "sha256:17a21953a9e5ff3a16dab692625a3676e2f101db5e40072f39dbee2250194d68", size = 4509757, upload-time = "2026-05-01T23:28:43.078Z" },
    { url = "https://files.pythonhosted.org/packages/25/37/33b47d8c007df69aec500df5889767c4d313748e8e9e27a2fef8a6dabcee/psycopg_binary-3.3.4-cp312-cp312-musllinux_1_2_ppc64le.whl", hash = "sha256:eb05ee1c2b817d27c537333224c9e83c7afb86fe7296ba970990068baf819b16", size = 4190546, upload-time = "2026-05-01T23:28:50.016Z" },
    { url = "https://files.pythonhosted.org/packages/ca/c6/32b0835dbc2122617902b649d76a91c1e75406e76bf3d595b0c3bb5ffad6/psycopg_binary-3.3.4-cp312-cp312-musllinux_1_2_riscv64.whl", hash = "sha256:773d573e11f437ce0bdb95b7c18dc58390494f96d43f8b45b9760436114f7652", size = 3926197, upload-time = "2026-05-01T23:28:55.55Z" },
    { url = "https://files.pythonhosted.org/packages/cd/68/d190ef0c0c5b16ded07831dabc8ddd412f4cdab07ec6e30ed38d9bda0e1f/psycopg_binary-3.3.4-cp312-cp312-musllinux_1_2_x86_64.whl", hash = "sha256:71e55ccbdfae79a2ed9c6369c3008a3025817ff9d7e27b32a2d84e2a4267e66e", size = 4236627, upload-time = "2026-05-01T23:29:05.336Z" },
    { url = "https://files.pythonhosted.org/packages/25/8f/81dcbc2e8454b74d14881275ea45f00791052dac531a9fa8be1730d1685b/psycopg_binary-3.3.4-cp312-cp312-win_amd64.whl", hash = "sha256:494ca54901be8cf9eb7e02c25b731f2317c378efa44f43e8f9bd0e1184ae7be4", size = 3560782, upload-time = "2026-05-01T23:29:11.967Z" },
]

[[package]]
name = "pydantic"
version = "2.13.5"
source = { registry = "https://pypi.org/simple" }
dependencies = [
    { name = "annotated-types" },
    { name = "pydantic-core" },
    { name = "typing-extensions" },
    { name = "typing-inspection" },
]
sdist = { url = "https://files.pythonhosted.org/packages/53/ef/fc4f868f4e2cee79f863883abffceff107875f569b848507319842d2a681/pydantic-2.13.5.tar.gz", hash = "sha256:51a9c5f7b2f8e636f04c6cada605d9b6a3bf1348fdf945a3d8869b19bba0ee08", size = 845750, upload-time = "2026-08-28T14:04:00.916Z" }
wheels = [
    { url = "https://files.pythonhosted.org/packages/eb/47/c95ffc2009878c7aac0c5e08528022dcb885933252a88b5f170058014464/pydantic-2.13.5-py3-none-any.whl", hash = "sha256:346a034f080da3755d8e9cb5e00e8b07de1d39e4f6e2c87d8ab7cafa0b269a73", size = 472589, upload-time = "2026-08-28T14:03:59.136Z" },
]

[[package]]
name = "pydantic-core"
version = "2.46.5"
source = { registry = "https://pypi.org/simple" }
dependencies = [
    { name = "typing-extensions" },
]
sdist = { url = "https://files.pythonhosted.org/packages/af/f9/8a06bea35ef8daf588f707784c973a7046e0034c8d8cfb08828eeffb8b75/pydantic_core-2.46.5.tar.gz", hash = "sha256:10416c15b8839ecc4ef4d0885da76da6fd0f67333a0eb8aff6d93c4b8f2910fc", size = 472262, upload-time = "2026-08-28T10:01:31.677Z" }
wheels = [
    { url = "https://files.pythonhosted.org/packages/82/3f/76358795aa7a8c6d4f36e2cb828ad1c90ee118e1393a9281664f5aade9d4/pydantic_core-2.46.5-cp312-cp312-macosx_10_12_x86_64.whl", hash = "sha256:b9fe6fb92520e3fd61f2e49000b6911b188824f089b75973ea06d6267f0b476d", size = 2076516, upload-time = "2026-08-28T09:58:21.576Z" },
    { url = "https://files.pythonhosted.org/packages/db/50/26b091836076ce4cb2fac264186936acc069e0595772cfd02a563bc4761a/pydantic_core-2.46.5-cp312-cp312-macosx_11_0_arm64.whl", hash = "sha256:a39ac25a9a2fa4072efdb429833c4a4c8009a51ff9eea3eeae131713cd27991e", size = 1922874, upload-time = "2026-08-28T09:58:23.766Z" },
    { url = "https://files.pythonhosted.org/packages/09/f0/2a8ce3849e299d44e2d2c196b6082643a3235565a735cb51db7a6261f614/pydantic_core-2.46.5-cp312-cp312-manylinux_2_17_aarch64.manylinux2014_aarch64.whl", hash = "sha256:4fdc8b93a41521988916eeaa271173fcca7fa0803d62f87675aac8dcec1c8e29", size = 1951772, upload-time = "2026-08-28T09:58:25.435Z" },
    { url = "https://files.pythonhosted.org/packages/87/46/ac0dc8bdd9e6048183a14eb127764e7ad9240021c17513074a4711b0e31e/pydantic_core-2.46.5-cp312-cp312-manylinux_2_17_armv7l.manylinux2014_armv7l.whl", hash = "sha256:b98134087d9de723658d17a42c7d0da8d6e2ef08015dee7dc93889047315f5e4", size = 2031832, upload-time = "2026-08-28T09:58:27.102Z" },
    { url = "https://files.pythonhosted.org/packages/c4/c2/339de5bef7be36301a2231eaa52e62163742c2281f11b5f4892bc79785cd/pydantic_core-2.46.5-cp312-cp312-manylinux_2_17_ppc64le.manylinux2014_ppc64le.whl", hash = "sha256:e652ab17569c94bff5475520f907b7148b8c24036a8ebbe5cf7cf7493d28579a", size = 2208645, upload-time = "2026-08-28T09:58:28.948Z" },
    { url = "https://files.pythonhosted.org/packages/7b/a0/9ff22b797724262da14427abaed4dd1d864a139693fc5e7809114376a716/pydantic_core-2.46.5-cp312-cp312-manylinux_2_17_s390x.manylinux2014_s390x.whl", hash = "sha256:d925f3d9afd05a8c0fb3a1031463a8d59ebe5e2afad297e29c78be19e13b4e62", size = 2265935, upload-time = "2026-08-28T09:58:30.625Z" },
    { url = "https://files.pythonhosted.org/packages/c0/a4/eb9409ec0736e50aa70a412f16c204ed149516846912f7e6724d4c73ee53/pydantic_core-2.46.5-cp312-cp312-manylinux_2_17_x86_64.manylinux2014_x86_64.whl", hash = "sha256:0fc5be0abd4a407e200d844b404e33639a554e7bd0d448e7b9ae181be4789ac2", size = 2066284, upload-time = "2026-08-28T09:58:32.289Z" },
    { url = "https://files.pythonhosted.org/packages/c0/02/7f6156ffc926857f1c37c07d9a388682865a81830ab6a1b637082c25e399/pydantic_core-2.46.5-cp312-cp312-manylinux_2_31_riscv64.whl", hash = "sha256:816ff0a6550ffc06c098ccd2e0698600f9aa7da192a79eaa6f9af504a35db869", size = 2105889, upload-time = "2026-08-28T09:58:33.986Z" },
    { url = "https://files.pythonhosted.org/packages/92/b1/e781d357ebe09fc929f995700f1b3503e8897f1cece183ecb1300d4d67e9/pydantic_core-2.46.5-cp312-cp312-manylinux_2_5_i686.manylinux1_i686.whl", hash = "sha256:c7ea57fc63aa7da93a1bd2d644e6577befae10c52c4e36377635eea1056a74f5", size = 2158006, upload-time = "2026-08-28T09:58:35.647Z" },
    { url = "https://files.pythonhosted.org/packages/70/0a/644597d84ab400e50609c192120b85c9681c22d3a20461b9060a79be0a7a/pydantic_core-2.46.5-cp312-cp312-musllinux_1_1_aarch64.whl", hash = "sha256:efd62a42486f1bda5d24cb4f63d15a3c7768375fe83d36f9417b4ad7a2fb20b3", size = 2158408, upload-time = "2026-08-28T09:58:37.38Z" },
    { url = "https://files.pythonhosted.org/packages/1e/ee/ca3b7b3a4b3769ffe9ce9432a7c9be755de9593a46d3b0d54d0409323e44/pydantic_core-2.46.5-cp312-cp312-musllinux_1_1_armv7l.whl", hash = "sha256:2bc9419666990c06d7397831f2126a1ecc3594aaa3ff7de5bf2d066802f4e07b", size = 2309609, upload-time = "2026-08-28T09:58:39.22Z" },
    { url = "https://files.pythonhosted.org/packages/ce/52/39fa1f451486019524ca685020390e7ca351832fd874530ba30c8628e6dc/pydantic_core-2.46.5-cp312-cp312-musllinux_1_1_x86_64.whl", hash = "sha256:18a09e1e1011b462f2e32774f25859ef1223d5c2b0546a633cf56654710721e0", size = 2342618, upload-time = "2026-08-28T09:58:40.89Z" },
    { url = "https://files.pythonhosted.org/packages/81/5e/468fc630568c61dcef3cd47ad32ffbeed9af643f49208d1ea86ab4f890c4/pydantic_core-2.46.5-cp312-cp312-win32.whl", hash = "sha256:5cb482e9e84c851f4e623fe4acc1ced89168cf1fe18f7089db4548c8f5bbb65b", size = 1939475, upload-time = "2026-08-28T09:58:42.591Z" },
    { url = "https://files.pythonhosted.org/packages/cf/c9/4c19f41b84cf6b622a72fbeed7665b25d47a187d68d47d0d430c07f23268/pydantic_core-2.46.5-cp312-cp312-win_amd64.whl", hash = "sha256:5e81740c09e310f5aa5cbd3e434a01c154d4bef93241c7877b39f211d2b78ba8", size = 2043140, upload-time = "2026-08-28T09:58:44.272Z" },
    { url = "https://files.pythonhosted.org/packages/af/dd/0c1a050299147c746e5256db16d645ab5efd4f78c59937d581a0524e74a2/pydantic_core-2.46.5-cp312-cp312-win_arm64.whl", hash = "sha256:f7b0ec93a2893de856652154d73b7ba622f26fa97726487dcac373de5f4c6084", size = 1997729, upload-time = "2026-08-28T09:58:46.13Z" },
    { url = "https://files.pythonhosted.org/packages/df/dd/053c2e4303f791f3b8f8a14ab0b22008e8eb21d868c0c90b4f9be705b76a/pydantic_core-2.46.5-graalpy312-graalpy250_312_native-macosx_10_12_x86_64.whl", hash = "sha256:013d6f3483d81e02e7c328831808f336c8596ee33b4bd4026b9ffb1e960b8942", size = 2062540, upload-time = "2026-08-28T10:01:00.318Z" },
    { url = "https://files.pythonhosted.org/packages/d7/dd/a18df751a5e37dd51bfad7f68e766999125bebe68c9e1d10a493ad01bd63/pydantic_core-2.46.5-graalpy312-graalpy250_312_native-macosx_11_0_arm64.whl", hash = "sha256:e9c134bb666dd54b778b9fc0d2b50cbb7f979b9e3716f26a88c9ab3b6fc1dd0f", size = 1902040, upload-time = "2026-08-28T10:01:02.529Z" },
    { url = "https://files.pythonhosted.org/packages/b7/13/01d40f9d07ce8a779fd6e0bd8ad4fba91309500dd67b869e2e219d261a6d/pydantic_core-2.46.5-graalpy312-graalpy250_312_native-manylinux_2_17_aarch64.manylinux2014_aarch64.whl", hash = "sha256:347ec774390c87326a2e4929d58d3f7e8763a104d5d35f4cd595a4c952366433", size = 1967479, upload-time = "2026-08-28T10:01:05.004Z" },
    { url = "https://files.pythonhosted.org/packages/fa/04/c81d4841331c2178b6fb09ae225425e110ed72d990c9fe556c4ec03d1013/pydantic_core-2.46.5-graalpy312-graalpy250_312_native-manylinux_2_17_x86_64.manylinux2014_x86_64.whl", hash = "sha256:8e24d8f05fa2d28513d94e877e9c75ad66175376209b3977f916e240e623193c", size = 2111034, upload-time = "2026-08-28T10:01:07.345Z" },
]

[[package]]
name = "pyee"
version = "13.0.1"
source = { registry = "https://pypi.org/simple" }
dependencies = [
    { name = "typing-extensions" },
]
sdist = { url = "https://files.pythonhosted.org/packages/8b/04/e7c1fe4dc78a6fdbfd6c337b1c3732ff543b8a397683ab38378447baa331/pyee-13.0.1.tar.gz", hash = "sha256:0b931f7c14535667ed4c7e0d531716368715e860b988770fc7eb8578d1f67fc8", size = 31655, upload-time = "2026-02-14T21:12:28.044Z" }
wheels = [
    { url = "https://files.pythonhosted.org/packages/a0/c4/b4d4827c93ef43c01f599ef31453ccc1c132b353284fc6c87d535c233129/pyee-13.0.1-py3-none-any.whl", hash = "sha256:af2f8fede4171ef667dfded53f96e2ed0d6e6bd7ee3bb46437f77e3b57689228", size = 15659, upload-time = "2026-02-14T21:12:26.263Z" },
]

[[package]]
name = "redis"
version = "8.1.0"
source = { registry = "https://pypi.org/simple" }
sdist = { url = "https://files.pythonhosted.org/packages/a8/99/604f0b666d4c616d891cf77ebb9db6bb21601344c051aebf1b72b9ff915f/redis-8.1.0.tar.gz", hash = "sha256:6e1a19beef9225c83efd689c7e6b7da2d5215b1f42cd13b7fc3714d0a09c7b25", size = 5254356, upload-time = "2026-07-30T08:51:00.269Z" }
wheels = [
    { url = "https://files.pythonhosted.org/packages/66/9d/c5731f6e3608663d4d3656fd8d3aecee8b509c3082818f5a13eae925baea/redis-8.1.0-py3-none-any.whl", hash = "sha256:a4fe1aac3d3b3cc791d4b3d5931c5a956045dc951ee74d1c913ee3ac4d2ee9fb", size = 560618, upload-time = "2026-07-30T08:50:58.497Z" },
]

[[package]]
name = "typing-extensions"
version = "4.16.0"
source = { registry = "https://pypi.org/simple" }
sdist = { url = "https://files.pythonhosted.org/packages/f6/cc/6253133b5bb138fc3306cebfbda2c520f545d36b5be2c7255cc528bb45d6/typing_extensions-4.16.0.tar.gz", hash = "sha256:dc983d19a509c94dba722ee6abd33940f7c05a89e243c47e907eb4db6f1a43e5", size = 113555, upload-time = "2026-07-02T08:40:05.92Z" }
wheels = [
    { url = "https://files.pythonhosted.org/packages/49/d3/b8441a820a491ddfc024b0b0cf0393375b75ea13866d9c66727e54c2fc80/typing_extensions-4.16.0-py3-none-any.whl", hash = "sha256:481caa481374e813c1b176ada14e97f1f67a4539ce9cfeb3f350d78d6370c2e8", size = 45571, upload-time = "2026-07-02T08:40:04.659Z" },
]

[[package]]
name = "typing-inspection"
version = "0.4.4"
source = { registry = "https://pypi.org/simple" }
dependencies = [
    { name = "typing-extensions" },
]
sdist = { url = "https://files.pythonhosted.org/packages/a3/26/b09b8010994eccc3c09092e6b34058f36a460eea2d4c3e8b910c695975a0/typing_inspection-0.4.4.tar.gz", hash = "sha256:547274fa6b0a561ccf549cc9524b999a578e737d015d8709d021f9d0d13bea47", size = 76928, upload-time = "2026-08-12T12:37:25.997Z" }
wheels = [
    { url = "https://files.pythonhosted.org/packages/67/81/4add07e5172b7ac40d8ed5ff580409a7801a4fe26d529bdd915401dabfbe/typing_inspection-0.4.4-py3-none-any.whl", hash = "sha256:65b8397ba37ccbce054456aaccddfc91e6e3083c92824df348d96ca832f3f147", size = 14750, upload-time = "2026-08-12T12:37:24.648Z" },
]

[[package]]
name = "tzdata"
version = "2026.3"
source = { registry = "https://pypi.org/simple" }
sdist = { url = "https://files.pythonhosted.org/packages/92/ff/5a28bdfd8c3ebec42564ac7d0e54ca3db65044a9314a97f9564fa7a1e926/tzdata-2026.3.tar.gz", hash = "sha256:4a1518b8993086a7982523e071643f3c0e5f213e75b21318e78bcabfff9d1415", size = 198674, upload-time = "2026-07-10T08:50:37.887Z" }
wheels = [
    { url = "https://files.pythonhosted.org/packages/e5/6d/b53b99a9f2766d095985947a5782f1702cabb129a34f7a802d7197af832f/tzdata-2026.3-py2.py3-none-any.whl", hash = "sha256:dc096730c87af6cab1b171c9d532be840741ff5d459015e7f6947bd7d7e54931", size = 348168, upload-time = "2026-07-10T08:50:36.46Z" },
]
